
Microsoft Visual Studio Solution File, Format Version 12.00
# Visual Studio 15
VisualStudioVersion = 15.0.27703.2026
MinimumVisualStudioVersion = 10.0.40219.1
Project("{2150E333-8FDC-42A3-9474-1A3956D46DE8}") = "Attachment", "Attachment", "{6E098FC2-B2F5-4AFB-B395-889776839E60}"
EndProject
Project("{E53339B2-1760-4266-BCC7-CA923CBCF16C}") = "docker-compose", "docker-compose.dcproj", "{8F52883D-BC57-46DE-AF0C-BB88669AB4AB}"
EndProject
Project("{9A19103F-16F7-4668-BE54-9A1E7A4F7556}") = "Attachment.API", "Attachment.API\Attachment.API.csproj", "{37F358A2-CF17-4947-A8E8-077082D8ED47}"
EndProject
Global
	GlobalSection(SolutionConfigurationPlatforms) = preSolution
		Debug|Any CPU = Debug|Any CPU
		Release|Any CPU = Release|Any CPU
	EndGlobalSection
	GlobalSection(ProjectConfigurationPlatforms) = postSolution
		{8F52883D-BC57-46DE-AF0C-BB88669AB4AB}.Debug|Any CPU.ActiveCfg = Debug|Any CPU
		{8F52883D-BC57-46DE-AF0C-BB88669AB4AB}.Debug|Any CPU.Build.0 = Debug|Any CPU
		{8F52883D-BC57-46DE-AF0C-BB88669AB4AB}.Release|Any CPU.ActiveCfg = Release|Any CPU
		{8F52883D-BC57-46DE-AF0C-BB88669AB4AB}.Release|Any CPU.Build.0 = Release|Any CPU
		{37F358A2-CF17-4947-A8E8-077082D8ED47}.Debug|Any CPU.ActiveCfg = Debug|Any CPU
		{37F358A2-CF17-4947-A8E8-077082D8ED47}.Debug|Any CPU.Build.0 = Debug|Any CPU
		{37F358A2-CF17-4947-A8E8-077082D8ED47}.Release|Any CPU.ActiveCfg = Release|Any CPU
		{37F358A2-CF17-4947-A8E8-077082D8ED47}.Release|Any CPU.Build.0 = Release|Any CPU
	EndGlobalSection
	GlobalSection(SolutionProperties) = preSolution
		HideSolutionNode = FALSE
	EndGlobalSection
	GlobalSection(NestedProjects) = preSolution
		{37F358A2-CF17-4947-A8E8-077082D8ED47} = {6E098FC2-B2F5-4AFB-B395-889776839E60}
	EndGlobalSection
	GlobalSection(ExtensibilityGlobals) = postSolution
		SolutionGuid = {90F28BF8-6CE0-45C0-AC8E-0BAEEE578B8A}
	EndGlobalSection
EndGlobal
