
Microsoft Visual Studio Solution File, Format Version 12.00
# Visual Studio 15
VisualStudioVersion = 15.0.27703.2026
MinimumVisualStudioVersion = 10.0.40219.1
Project("{E53339B2-1760-4266-BCC7-CA923CBCF16C}") = "docker-compose", "docker-compose.dcproj", "{8F52883D-BC57-46DE-AF0C-BB88669AB4AB}"
EndProject
Project("{2150E333-8FDC-42A3-9474-1A3956D46DE8}") = "Web", "Web", "{046BACBD-4BB0-4821-9B23-96100544B180}"
EndProject
Project("{9A19103F-16F7-4668-BE54-9A1E7A4F7556}") = "Admin", "Web\Admin\Admin.csproj", "{62EE3A5A-8B44-4A75-AD9F-E8582B0CA476}"
EndProject
Project("{9A19103F-16F7-4668-BE54-9A1E7A4F7556}") = "Vendor", "Web\Vendor\Vendor.csproj", "{3162B599-16DD-4AEE-A295-DCFA7ACE9199}"
EndProject
Project("{2150E333-8FDC-42A3-9474-1A3956D46DE8}") = "API", "API", "{1775AE94-CA81-426B-943E-8D8A46CC5D75}"
EndProject
Project("{2150E333-8FDC-42A3-9474-1A3956D46DE8}") = "Library", "Library", "{6EA6F7AD-34F4-46F8-BC0A-F14E88B45797}"
EndProject
Project("{9A19103F-16F7-4668-BE54-9A1E7A4F7556}") = "Procurement.Core", "Library\Procurement.Core\Procurement.Core.csproj", "{F4014879-6941-46CD-BBE0-558D73AC6CA1}"
EndProject
Project("{9A19103F-16F7-4668-BE54-9A1E7A4F7556}") = "Attachment.API", "API\Attachment.API\Attachment.API.csproj", "{3B444B30-28BE-49F6-981D-66182721A435}"
EndProject
Project("{9A19103F-16F7-4668-BE54-9A1E7A4F7556}") = "Procurement.API", "API\Procurement.API\Procurement.API.csproj", "{84599CAA-317B-4276-96E0-D9593F5AA2EF}"
EndProject
Project("{9A19103F-16F7-4668-BE54-9A1E7A4F7556}") = "Procurement.Model", "Library\Procurement.Model\Procurement.Model.csproj", "{AECDFEC7-3E9E-43E0-B178-A169F456934E}"
EndProject
Project("{9A19103F-16F7-4668-BE54-9A1E7A4F7556}") = "Procurement.Helper", "Library\Procurement.Helper\Procurement.Helper.csproj", "{CF689E33-CCBD-4732-B2FA-7463CB8E67BD}"
EndProject
Global
	GlobalSection(SolutionConfigurationPlatforms) = preSolution
		Debug|Any CPU = Debug|Any CPU
		Release|Any CPU = Release|Any CPU
	EndGlobalSection
	GlobalSection(ProjectConfigurationPlatforms) = postSolution
		{8F52883D-BC57-46DE-AF0C-BB88669AB4AB}.Debug|Any CPU.ActiveCfg = Debug|Any CPU
		{8F52883D-BC57-46DE-AF0C-BB88669AB4AB}.Debug|Any CPU.Build.0 = Debug|Any CPU
		{8F52883D-BC57-46DE-AF0C-BB88669AB4AB}.Release|Any CPU.ActiveCfg = Release|Any CPU
		{8F52883D-BC57-46DE-AF0C-BB88669AB4AB}.Release|Any CPU.Build.0 = Release|Any CPU
		{62EE3A5A-8B44-4A75-AD9F-E8582B0CA476}.Debug|Any CPU.ActiveCfg = Debug|Any CPU
		{62EE3A5A-8B44-4A75-AD9F-E8582B0CA476}.Debug|Any CPU.Build.0 = Debug|Any CPU
		{62EE3A5A-8B44-4A75-AD9F-E8582B0CA476}.Release|Any CPU.ActiveCfg = Release|Any CPU
		{62EE3A5A-8B44-4A75-AD9F-E8582B0CA476}.Release|Any CPU.Build.0 = Release|Any CPU
		{3162B599-16DD-4AEE-A295-DCFA7ACE9199}.Debug|Any CPU.ActiveCfg = Debug|Any CPU
		{3162B599-16DD-4AEE-A295-DCFA7ACE9199}.Debug|Any CPU.Build.0 = Debug|Any CPU
		{3162B599-16DD-4AEE-A295-DCFA7ACE9199}.Release|Any CPU.ActiveCfg = Release|Any CPU
		{3162B599-16DD-4AEE-A295-DCFA7ACE9199}.Release|Any CPU.Build.0 = Release|Any CPU
		{F4014879-6941-46CD-BBE0-558D73AC6CA1}.Debug|Any CPU.ActiveCfg = Debug|Any CPU
		{F4014879-6941-46CD-BBE0-558D73AC6CA1}.Debug|Any CPU.Build.0 = Debug|Any CPU
		{F4014879-6941-46CD-BBE0-558D73AC6CA1}.Release|Any CPU.ActiveCfg = Release|Any CPU
		{F4014879-6941-46CD-BBE0-558D73AC6CA1}.Release|Any CPU.Build.0 = Release|Any CPU
		{3B444B30-28BE-49F6-981D-66182721A435}.Debug|Any CPU.ActiveCfg = Debug|Any CPU
		{3B444B30-28BE-49F6-981D-66182721A435}.Debug|Any CPU.Build.0 = Debug|Any CPU
		{3B444B30-28BE-49F6-981D-66182721A435}.Release|Any CPU.ActiveCfg = Release|Any CPU
		{3B444B30-28BE-49F6-981D-66182721A435}.Release|Any CPU.Build.0 = Release|Any CPU
		{84599CAA-317B-4276-96E0-D9593F5AA2EF}.Debug|Any CPU.ActiveCfg = Debug|Any CPU
		{84599CAA-317B-4276-96E0-D9593F5AA2EF}.Debug|Any CPU.Build.0 = Debug|Any CPU
		{84599CAA-317B-4276-96E0-D9593F5AA2EF}.Release|Any CPU.ActiveCfg = Release|Any CPU
		{84599CAA-317B-4276-96E0-D9593F5AA2EF}.Release|Any CPU.Build.0 = Release|Any CPU
		{AECDFEC7-3E9E-43E0-B178-A169F456934E}.Debug|Any CPU.ActiveCfg = Debug|Any CPU
		{AECDFEC7-3E9E-43E0-B178-A169F456934E}.Debug|Any CPU.Build.0 = Debug|Any CPU
		{AECDFEC7-3E9E-43E0-B178-A169F456934E}.Release|Any CPU.ActiveCfg = Release|Any CPU
		{AECDFEC7-3E9E-43E0-B178-A169F456934E}.Release|Any CPU.Build.0 = Release|Any CPU
		{CF689E33-CCBD-4732-B2FA-7463CB8E67BD}.Debug|Any CPU.ActiveCfg = Debug|Any CPU
		{CF689E33-CCBD-4732-B2FA-7463CB8E67BD}.Debug|Any CPU.Build.0 = Debug|Any CPU
		{CF689E33-CCBD-4732-B2FA-7463CB8E67BD}.Release|Any CPU.ActiveCfg = Release|Any CPU
		{CF689E33-CCBD-4732-B2FA-7463CB8E67BD}.Release|Any CPU.Build.0 = Release|Any CPU
	EndGlobalSection
	GlobalSection(SolutionProperties) = preSolution
		HideSolutionNode = FALSE
	EndGlobalSection
	GlobalSection(NestedProjects) = preSolution
		{62EE3A5A-8B44-4A75-AD9F-E8582B0CA476} = {046BACBD-4BB0-4821-9B23-96100544B180}
		{3162B599-16DD-4AEE-A295-DCFA7ACE9199} = {046BACBD-4BB0-4821-9B23-96100544B180}
		{F4014879-6941-46CD-BBE0-558D73AC6CA1} = {6EA6F7AD-34F4-46F8-BC0A-F14E88B45797}
		{3B444B30-28BE-49F6-981D-66182721A435} = {1775AE94-CA81-426B-943E-8D8A46CC5D75}
		{84599CAA-317B-4276-96E0-D9593F5AA2EF} = {1775AE94-CA81-426B-943E-8D8A46CC5D75}
		{AECDFEC7-3E9E-43E0-B178-A169F456934E} = {6EA6F7AD-34F4-46F8-BC0A-F14E88B45797}
		{CF689E33-CCBD-4732-B2FA-7463CB8E67BD} = {6EA6F7AD-34F4-46F8-BC0A-F14E88B45797}
	EndGlobalSection
	GlobalSection(ExtensibilityGlobals) = postSolution
		SolutionGuid = {90F28BF8-6CE0-45C0-AC8E-0BAEEE578B8A}
	EndGlobalSection
EndGlobal
